{
  "object": {
    "pins": [
      {
        "package": "FirebladeMath",
        "repositoryURL": "https://gitlab.com/fireblade/math.git",
        "state": {
          "branch": null,
          "revision": "9b4a28bd41b58d515c683f8fdd2cf998fc192add",
          "version": "0.2.1"
        }
      }
    ]
  },
  "version": 1
}
